PODS:
  - JSQSystemSoundPlayer (2.0.1)

DEPENDENCIES:
  - JSQSystemSoundPlayer (~> 2.0)

SPEC REPOS:
  https://github.com/CocoaPods/Specs.git:
    - JSQSystemSoundPlayer

SPEC CHECKSUMS:
  JSQSystemSoundPlayer: c5850e77a4363ffd374cd851154b9af93264ed8d

PODFILE CHECKSUM: b3598adfb34dd39bae9a7d94d021bbe299858f4a

COCOAPODS: 1.5.0
