PODS:
  - JSQSystemSoundPlayer (2.0.1)

DEPENDENCIES:
  - JSQSystemSoundPlayer (~> 2.0)

SPEC REPOS:
  https://github.com/CocoaPods/Specs.git:
    - JSQSystemSoundPlayer

SPEC CHECKSUMS:
  JSQSystemSoundPlayer: c5850e77a4363ffd374cd851154b9af93264ed8d

PODFILE CHECKSUM: 3d2fcf4c74d8f5077dfba130f529c78fe5ba5951

COCOAPODS: 1.5.0
